
Microsoft Visual Studio Solution File, Format Version 12.00
# Visual Studio Version 17
VisualStudioVersion = 17.8.34322.80
MinimumVisualStudioVersion = 10.0.40219.1
Project("{FAE04EC0-301F-11D3-BF4B-00C04F79EFBC}") = "FullStackUrlShortener.Server", "FullStackUrlShortener.Server\FullStackUrlShortener.Server.csproj", "{C0B42A80-E10B-40BD-B933-B2D7F31E1680}"
EndProject
Project("{54A90642-561A-4BB1-A94E-469ADEE60C69}") = "fullstackurlshortener.client", "fullstackurlshortener.client\fullstackurlshortener.client.esproj", "{2FAE0D35-4B56-49DF-B9E3-D3D87AE0FD4F}"
EndProject
Global
	GlobalSection(SolutionConfigurationPlatforms) = preSolution
		Debug|Any CPU = Debug|Any CPU
		Release|Any CPU = Release|Any CPU
	EndGlobalSection
	GlobalSection(ProjectConfigurationPlatforms) = postSolution
		{C0B42A80-E10B-40BD-B933-B2D7F31E1680}.Debug|Any CPU.ActiveCfg = Debug|Any CPU
		{C0B42A80-E10B-40BD-B933-B2D7F31E1680}.Debug|Any CPU.Build.0 = Debug|Any CPU
		{C0B42A80-E10B-40BD-B933-B2D7F31E1680}.Release|Any CPU.ActiveCfg = Release|Any CPU
		{C0B42A80-E10B-40BD-B933-B2D7F31E1680}.Release|Any CPU.Build.0 = Release|Any CPU
		{2FAE0D35-4B56-49DF-B9E3-D3D87AE0FD4F}.Debug|Any CPU.ActiveCfg = Debug|Any CPU
		{2FAE0D35-4B56-49DF-B9E3-D3D87AE0FD4F}.Debug|Any CPU.Build.0 = Debug|Any CPU
		{2FAE0D35-4B56-49DF-B9E3-D3D87AE0FD4F}.Debug|Any CPU.Deploy.0 = Debug|Any CPU
		{2FAE0D35-4B56-49DF-B9E3-D3D87AE0FD4F}.Release|Any CPU.ActiveCfg = Release|Any CPU
		{2FAE0D35-4B56-49DF-B9E3-D3D87AE0FD4F}.Release|Any CPU.Build.0 = Release|Any CPU
		{2FAE0D35-4B56-49DF-B9E3-D3D87AE0FD4F}.Release|Any CPU.Deploy.0 = Release|Any CPU
	EndGlobalSection
	GlobalSection(SolutionProperties) = preSolution
		HideSolutionNode = FALSE
	EndGlobalSection
	GlobalSection(ExtensibilityGlobals) = postSolution
		SolutionGuid = {296FA5EF-7706-44B6-A491-94CE431EDB04}
	EndGlobalSection
EndGlobal
